// !$*UTF8*$!
{
	archiveVersion = 1;
	classes = {
	};
	objectVersion = 56;
	objects = {

/* Begin PBXBuildFile section */
		FFBEF77D2A46F3E300D55E72 /* YesOrNotApp.swift in Sources */ = {isa = PBXBuildFile; fileRef = FFBEF77C2A46F3E300D55E72 /* YesOrNotApp.swift */; };
		FFBEF77F2A46F3E300D55E72 /* DecisionView.swift in Sources */ = {isa = PBXBuildFile; fileRef = FFBEF77E2A46F3E300D55E72 /* DecisionView.swift */; };
		FFBEF7812A46F3E500D55E72 /* Assets.xcassets in Resources */ = {isa = PBXBuildFile; fileRef = FFBEF7802A46F3E500D55E72 /* Assets.xcassets */; };
		FFBEF7842A46F3E500D55E72 /* Preview Assets.xcassets in Resources */ = {isa = PBXBuildFile; fileRef = FFBEF7832A46F3E500D55E72 /* Preview Assets.xcassets */; };
		FFBEF78E2A47053700D55E72 /* ArgumentView.swift in Sources */ = {isa = PBXBuildFile; fileRef = FFBEF78D2A47053700D55E72 /* ArgumentView.swift */; };
		FFBEF7912A47090500D55E72 /* Resources.swift in Sources */ = {isa = PBXBuildFile; fileRef = FFBEF7902A47090500D55E72 /* Resources.swift */; };
		FFBEF7952A470CE200D55E72 /* ArgumentsList.swift in Sources */ = {isa = PBXBuildFile; fileRef = FFBEF7942A470CE200D55E72 /* ArgumentsList.swift */; };
		FFBEF79B2A47126F00D55E72 /* ArgumentModel.swift in Sources */ = {isa = PBXBuildFile; fileRef = FFBEF79A2A47126F00D55E72 /* ArgumentModel.swift */; };
		FFBEF79E2A48D42100D55E72 /* Color+ext.swift in Sources */ = {isa = PBXBuildFile; fileRef = FFBEF79D2A48D42100D55E72 /* Color+ext.swift */; };
		FFBEF7A22A49C10A00D55E72 /* PlusButton.swift in Sources */ = {isa = PBXBuildFile; fileRef = FFBEF7A12A49C10A00D55E72 /* PlusButton.swift */; };
		FFBEF7A42A49C56400D55E72 /* TopNavActionView.swift in Sources */ = {isa = PBXBuildFile; fileRef = FFBEF7A32A49C56400D55E72 /* TopNavActionView.swift */; };
		FFBEF7A62A49CFCA00D55E72 /* OffsetObservingScrollView.swift in Sources */ = {isa = PBXBuildFile; fileRef = FFBEF7A52A49CFCA00D55E72 /* OffsetObservingScrollView.swift */; };
		FFCC13512A4A10AC00BF0A98 /* View+ext.swift in Sources */ = {isa = PBXBuildFile; fileRef = FFCC13502A4A10AC00BF0A98 /* View+ext.swift */; };
		FFCC13532A4A21EB00BF0A98 /* ProgressCircle.swift in Sources */ = {isa = PBXBuildFile; fileRef = FFCC13522A4A21EB00BF0A98 /* ProgressCircle.swift */; };
/* End PBXBuildFile section */

/* Begin PBXFileReference section */
		FFBEF7792A46F3E300D55E72 /* YesOrNotApp.app */ = {isa = PBXFileReference; explicitFileType = wrapper.application; includeInIndex = 0; path = YesOrNotApp.app; sourceTree = BUILT_PRODUCTS_DIR; };
		FFBEF77C2A46F3E300D55E72 /* YesOrNotApp.swift */ = {isa = PBXFileReference; lastKnownFileType = sourcecode.swift; path = YesOrNotApp.swift; sourceTree = "<group>"; };
		FFBEF77E2A46F3E300D55E72 /* DecisionView.swift */ = {isa = PBXFileReference; lastKnownFileType = sourcecode.swift; path = DecisionView.swift; sourceTree = "<group>"; };
		FFBEF7802A46F3E500D55E72 /* Assets.xcassets */ = {isa = PBXFileReference; lastKnownFileType = folder.assetcatalog; path = Assets.xcassets; sourceTree = "<group>"; };
		FFBEF7832A46F3E500D55E72 /* Preview Assets.xcassets */ = {isa = PBXFileReference; lastKnownFileType = folder.assetcatalog; path = "Preview Assets.xcassets"; sourceTree = "<group>"; };
		FFBEF78D2A47053700D55E72 /* ArgumentView.swift */ = {isa = PBXFileReference; lastKnownFileType = sourcecode.swift; path = ArgumentView.swift; sourceTree = "<group>"; };
		FFBEF7902A47090500D55E72 /* Resources.swift */ = {isa = PBXFileReference; lastKnownFileType = sourcecode.swift; path = Resources.swift; sourceTree = "<group>"; };
		FFBEF7942A470CE200D55E72 /* ArgumentsList.swift */ = {isa = PBXFileReference; lastKnownFileType = sourcecode.swift; path = ArgumentsList.swift; sourceTree = "<group>"; };
		FFBEF79A2A47126F00D55E72 /* ArgumentModel.swift */ = {isa = PBXFileReference; lastKnownFileType = sourcecode.swift; path = ArgumentModel.swift; sourceTree = "<group>"; };
		FFBEF79D2A48D42100D55E72 /* Color+ext.swift */ = {isa = PBXFileReference; lastKnownFileType = sourcecode.swift; path = "Color+ext.swift"; sourceTree = "<group>"; };
		FFBEF7A12A49C10A00D55E72 /* PlusButton.swift */ = {isa = PBXFileReference; lastKnownFileType = sourcecode.swift; path = PlusButton.swift; sourceTree = "<group>"; };
		FFBEF7A32A49C56400D55E72 /* TopNavActionView.swift */ = {isa = PBXFileReference; lastKnownFileType = sourcecode.swift; path = TopNavActionView.swift; sourceTree = "<group>"; };
		FFBEF7A52A49CFCA00D55E72 /* OffsetObservingScrollView.swift */ = {isa = PBXFileReference; lastKnownFileType = sourcecode.swift; path = OffsetObservingScrollView.swift; sourceTree = "<group>"; };
		FFCC13502A4A10AC00BF0A98 /* View+ext.swift */ = {isa = PBXFileReference; lastKnownFileType = sourcecode.swift; path = "View+ext.swift"; sourceTree = "<group>"; };
		FFCC13522A4A21EB00BF0A98 /* ProgressCircle.swift */ = {isa = PBXFileReference; lastKnownFileType = sourcecode.swift; path = ProgressCircle.swift; sourceTree = "<group>"; };
/* End PBXFileReference section */

/* Begin PBXFrameworksBuildPhase section */
		FFBEF7762A46F3E300D55E72 /* Frameworks */ = {
			isa = PBXFrameworksBuildPhase;
			buildActionMask = 2147483647;
			files = (
			);
			runOnlyForDeploymentPostprocessing = 0;
		};
/* End PBXFrameworksBuildPhase section */

/* Begin PBXGroup section */
		FFBEF7702A46F3E300D55E72 = {
			isa = PBXGroup;
			children = (
				FFBEF77B2A46F3E300D55E72 /* YesOrNotApp */,
				FFBEF77A2A46F3E300D55E72 /* Products */,
			);
			sourceTree = "<group>";
		};
		FFBEF77A2A46F3E300D55E72 /* Products */ = {
			isa = PBXGroup;
			children = (
				FFBEF7792A46F3E300D55E72 /* YesOrNotApp.app */,
			);
			name = Products;
			sourceTree = "<group>";
		};
		FFBEF77B2A46F3E300D55E72 /* YesOrNotApp */ = {
			isa = PBXGroup;
			children = (
				FFBEF77C2A46F3E300D55E72 /* YesOrNotApp.swift */,
				FFBEF7962A470CED00D55E72 /* DecisionModule */,
				FFBEF7802A46F3E500D55E72 /* Assets.xcassets */,
				FFBEF78F2A4708F100D55E72 /* Helpers */,
				FFBEF7822A46F3E500D55E72 /* Preview Content */,
			);
			path = YesOrNotApp;
			sourceTree = "<group>";
		};
		FFBEF7822A46F3E500D55E72 /* Preview Content */ = {
			isa = PBXGroup;
			children = (
				FFBEF7832A46F3E500D55E72 /* Preview Assets.xcassets */,
			);
			path = "Preview Content";
			sourceTree = "<group>";
		};
		FFBEF78F2A4708F100D55E72 /* Helpers */ = {
			isa = PBXGroup;
			children = (
				FFCC13542A4A3E7D00BF0A98 /* Modifiers */,
				FFBEF79C2A48D40300D55E72 /* Extensions */,
				FFBEF7902A47090500D55E72 /* Resources.swift */,
			);
			path = Helpers;
			sourceTree = "<group>";
		};
		FFBEF7962A470CED00D55E72 /* DecisionModule */ = {
			isa = PBXGroup;
			children = (
				FFBEF7992A47125E00D55E72 /* Model */,
				FFBEF77E2A46F3E300D55E72 /* DecisionView.swift */,
				FFBEF7942A470CE200D55E72 /* ArgumentsList.swift */,
				FFBEF78D2A47053700D55E72 /* ArgumentView.swift */,
				FFCC13552A4A3E9900BF0A98 /* NavigationBar */,
			);
			path = DecisionModule;
			sourceTree = "<group>";
		};
		FFBEF7992A47125E00D55E72 /* Model */ = {
			isa = PBXGroup;
			children = (
				FFBEF79A2A47126F00D55E72 /* ArgumentModel.swift */,
			);
			path = Model;
			sourceTree = "<group>";
		};
		FFBEF79C2A48D40300D55E72 /* Extensions */ = {
			isa = PBXGroup;
			children = (
				FFBEF79D2A48D42100D55E72 /* Color+ext.swift */,
				FFCC13502A4A10AC00BF0A98 /* View+ext.swift */,
			);
			path = Extensions;
			sourceTree = "<group>";
		};
		FFCC13542A4A3E7D00BF0A98 /* Modifiers */ = {
			isa = PBXGroup;
			children = (
				FFBEF7A52A49CFCA00D55E72 /* OffsetObservingScrollView.swift */,
			);
			path = Modifiers;
			sourceTree = "<group>";
		};
		FFCC13552A4A3E9900BF0A98 /* NavigationBar */ = {
			isa = PBXGroup;
			children = (
				FFBEF7A12A49C10A00D55E72 /* PlusButton.swift */,
				FFBEF7A32A49C56400D55E72 /* TopNavActionView.swift */,
				FFCC13522A4A21EB00BF0A98 /* ProgressCircle.swift */,
			);
			path = NavigationBar;
			sourceTree = "<group>";
		};
/* End PBXGroup section */

/* Begin PBXNativeTarget section */
		FFBEF7782A46F3E300D55E72 /* YesOrNotApp */ = {
			isa = PBXNativeTarget;
			buildConfigurationList = FFBEF7872A46F3E500D55E72 /* Build configuration list for PBXNativeTarget "YesOrNotApp" */;
			buildPhases = (
				FFBEF7752A46F3E300D55E72 /* Sources */,
				FFBEF7762A46F3E300D55E72 /* Frameworks */,
				FFBEF7772A46F3E300D55E72 /* Resources */,
			);
			buildRules = (
			);
			dependencies = (
			);
			name = YesOrNotApp;
			productName = YesOrNotApp;
			productReference = FFBEF7792A46F3E300D55E72 /* YesOrNotApp.app */;
			productType = "com.apple.product-type.application";
		};
/* End PBXNativeTarget section */

/* Begin PBXProject section */
		FFBEF7712A46F3E300D55E72 /* Project object */ = {
			isa = PBXProject;
			attributes = {
				BuildIndependentTargetsInParallel = 1;
				LastSwiftUpdateCheck = 1430;
				LastUpgradeCheck = 1430;
				TargetAttributes = {
					FFBEF7782A46F3E300D55E72 = {
						CreatedOnToolsVersion = 14.3;
					};
				};
			};
			buildConfigurationList = FFBEF7742A46F3E300D55E72 /* Build configuration list for PBXProject "YesOrNotApp" */;
			compatibilityVersion = "Xcode 14.0";
			developmentRegion = en;
			hasScannedForEncodings = 0;
			knownRegions = (
				en,
				Base,
			);
			mainGroup = FFBEF7702A46F3E300D55E72;
			productRefGroup = FFBEF77A2A46F3E300D55E72 /* Products */;
			projectDirPath = "";
			projectRoot = "";
			targets = (
				FFBEF7782A46F3E300D55E72 /* YesOrNotApp */,
			);
		};
/* End PBXProject section */

/* Begin PBXResourcesBuildPhase section */
		FFBEF7772A46F3E300D55E72 /* Resources */ = {
			isa = PBXResourcesBuildPhase;
			buildActionMask = 2147483647;
			files = (
				FFBEF7842A46F3E500D55E72 /* Preview Assets.xcassets in Resources */,
				FFBEF7812A46F3E500D55E72 /* Assets.xcassets in Resources */,
			);
			runOnlyForDeploymentPostprocessing = 0;
		};
/* End PBXResourcesBuildPhase section */

/* Begin PBXSourcesBuildPhase section */
		FFBEF7752A46F3E300D55E72 /* Sources */ = {
			isa = PBXSourcesBuildPhase;
			buildActionMask = 2147483647;
			files = (
				FFBEF79B2A47126F00D55E72 /* ArgumentModel.swift in Sources */,
				FFBEF7A42A49C56400D55E72 /* TopNavActionView.swift in Sources */,
				FFBEF77F2A46F3E300D55E72 /* DecisionView.swift in Sources */,
				FFBEF7912A47090500D55E72 /* Resources.swift in Sources */,
				FFCC13512A4A10AC00BF0A98 /* View+ext.swift in Sources */,
				FFBEF7A22A49C10A00D55E72 /* PlusButton.swift in Sources */,
				FFBEF77D2A46F3E300D55E72 /* YesOrNotApp.swift in Sources */,
				FFBEF7952A470CE200D55E72 /* ArgumentsList.swift in Sources */,
				FFBEF79E2A48D42100D55E72 /* Color+ext.swift in Sources */,
				FFBEF7A62A49CFCA00D55E72 /* OffsetObservingScrollView.swift in Sources */,
				FFCC13532A4A21EB00BF0A98 /* ProgressCircle.swift in Sources */,
				FFBEF78E2A47053700D55E72 /* ArgumentView.swift in Sources */,
			);
			runOnlyForDeploymentPostprocessing = 0;
		};
/* End PBXSourcesBuildPhase section */

/* Begin XCBuildConfiguration section */
		FFBEF7852A46F3E500D55E72 /* Debug */ = {
			isa = XCBuildConfiguration;
			buildSettings = {
				ALWAYS_SEARCH_USER_PATHS = NO;
				CLANG_ANALYZER_NONNULL = YES;
				CLANG_ANALYZER_NUMBER_OBJECT_CONVERSION = YES_AGGRESSIVE;
				CLANG_CXX_LANGUAGE_STANDARD = "gnu++20";
				CLANG_ENABLE_MODULES = YES;
				CLANG_ENABLE_OBJC_ARC = YES;
				CLANG_ENABLE_OBJC_WEAK = YES;
				CLANG_WARN_BLOCK_CAPTURE_AUTORELEASING = YES;
				CLANG_WARN_BOOL_CONVERSION = YES;
				CLANG_WARN_COMMA = YES;
				CLANG_WARN_CONSTANT_CONVERSION = YES;
				CLANG_WARN_DEPRECATED_OBJC_IMPLEMENTATIONS = YES;
				CLANG_WARN_DIRECT_OBJC_ISA_USAGE = YES_ERROR;
				CLANG_WARN_DOCUMENTATION_COMMENTS = YES;
				CLANG_WARN_EMPTY_BODY = YES;
				CLANG_WARN_ENUM_CONVERSION = YES;
				CLANG_WARN_INFINITE_RECURSION = YES;
				CLANG_WARN_INT_CONVERSION = YES;
				CLANG_WARN_NON_LITERAL_NULL_CONVERSION = YES;
				CLANG_WARN_OBJC_IMPLICIT_RETAIN_SELF = YES;
				CLANG_WARN_OBJC_LITERAL_CONVERSION = YES;
				CLANG_WARN_OBJC_ROOT_CLASS = YES_ERROR;
				CLANG_WARN_QUOTED_INCLUDE_IN_FRAMEWORK_HEADER = YES;
				CLANG_WARN_RANGE_LOOP_ANALYSIS = YES;
				CLANG_WARN_STRICT_PROTOTYPES = YES;
				CLANG_WARN_SUSPICIOUS_MOVE = YES;
				CLANG_WARN_UNGUARDED_AVAILABILITY = YES_AGGRESSIVE;
				CLANG_WARN_UNREACHABLE_CODE = YES;
				CLANG_WARN__DUPLICATE_METHOD_MATCH = YES;
				COPY_PHASE_STRIP = NO;
				DEBUG_INFORMATION_FORMAT = dwarf;
				ENABLE_STRICT_OBJC_MSGSEND = YES;
				ENABLE_TESTABILITY = YES;
				GCC_C_LANGUAGE_STANDARD = gnu11;
				GCC_DYNAMIC_NO_PIC = NO;
				GCC_NO_COMMON_BLOCKS = YES;
				GCC_OPTIMIZATION_LEVEL = 0;
				GCC_PREPROCESSOR_DEFINITIONS = (
					"DEBUG=1",
					"$(inherited)",
				);
				GCC_WARN_64_TO_32_BIT_CONVERSION = YES;
				GCC_WARN_ABOUT_RETURN_TYPE = YES_ERROR;
				GCC_WARN_UNDECLARED_SELECTOR = YES;
				GCC_WARN_UNINITIALIZED_AUTOS = YES_AGGRESSIVE;
				GCC_WARN_UNUSED_FUNCTION = YES;
				GCC_WARN_UNUSED_VARIABLE = YES;
				IPHONEOS_DEPLOYMENT_TARGET = 16.4;
				MTL_ENABLE_DEBUG_INFO = INCLUDE_SOURCE;
				MTL_FAST_MATH = YES;
				ONLY_ACTIVE_ARCH = YES;
				SDKROOT = iphoneos;
				SWIFT_ACTIVE_COMPILATION_CONDITIONS = DEBUG;
				SWIFT_OPTIMIZATION_LEVEL = "-Onone";
			};
			name = Debug;
		};
		FFBEF7862A46F3E500D55E72 /* Release */ = {
			isa = XCBuildConfiguration;
			buildSettings = {
				ALWAYS_SEARCH_USER_PATHS = NO;
				CLANG_ANALYZER_NONNULL = YES;
				CLANG_ANALYZER_NUMBER_OBJECT_CONVERSION = YES_AGGRESSIVE;
				CLANG_CXX_LANGUAGE_STANDARD = "gnu++20";
				CLANG_ENABLE_MODULES = YES;
				CLANG_ENABLE_OBJC_ARC = YES;
				CLANG_ENABLE_OBJC_WEAK = YES;
				CLANG_WARN_BLOCK_CAPTURE_AUTORELEASING = YES;
				CLANG_WARN_BOOL_CONVERSION = YES;
				CLANG_WARN_COMMA = YES;
				CLANG_WARN_CONSTANT_CONVERSION = YES;
				CLANG_WARN_DEPRECATED_OBJC_IMPLEMENTATIONS = YES;
				CLANG_WARN_DIRECT_OBJC_ISA_USAGE = YES_ERROR;
				CLANG_WARN_DOCUMENTATION_COMMENTS = YES;
				CLANG_WARN_EMPTY_BODY = YES;
				CLANG_WARN_ENUM_CONVERSION = YES;
				CLANG_WARN_INFINITE_RECURSION = YES;
				CLANG_WARN_INT_CONVERSION = YES;
				CLANG_WARN_NON_LITERAL_NULL_CONVERSION = YES;
				CLANG_WARN_OBJC_IMPLICIT_RETAIN_SELF = YES;
				CLANG_WARN_OBJC_LITERAL_CONVERSION = YES;
				CLANG_WARN_OBJC_ROOT_CLASS = YES_ERROR;
				CLANG_WARN_QUOTED_INCLUDE_IN_FRAMEWORK_HEADER = YES;
				CLANG_WARN_RANGE_LOOP_ANALYSIS = YES;
				CLANG_WARN_STRICT_PROTOTYPES = YES;
				CLANG_WARN_SUSPICIOUS_MOVE = YES;
				CLANG_WARN_UNGUARDED_AVAILABILITY = YES_AGGRESSIVE;
				CLANG_WARN_UNREACHABLE_CODE = YES;
				CLANG_WARN__DUPLICATE_METHOD_MATCH = YES;
				COPY_PHASE_STRIP = NO;
				DEBUG_INFORMATION_FORMAT = "dwarf-with-dsym";
				ENABLE_NS_ASSERTIONS = NO;
				ENABLE_STRICT_OBJC_MSGSEND = YES;
				GCC_C_LANGUAGE_STANDARD = gnu11;
				GCC_NO_COMMON_BLOCKS = YES;
				GCC_WARN_64_TO_32_BIT_CONVERSION = YES;
				GCC_WARN_ABOUT_RETURN_TYPE = YES_ERROR;
				GCC_WARN_UNDECLARED_SELECTOR = YES;
				GCC_WARN_UNINITIALIZED_AUTOS = YES_AGGRESSIVE;
				GCC_WARN_UNUSED_FUNCTION = YES;
				GCC_WARN_UNUSED_VARIABLE = YES;
				IPHONEOS_DEPLOYMENT_TARGET = 16.4;
				MTL_ENABLE_DEBUG_INFO = NO;
				MTL_FAST_MATH = YES;
				SDKROOT = iphoneos;
				SWIFT_COMPILATION_MODE = wholemodule;
				SWIFT_OPTIMIZATION_LEVEL = "-O";
				VALIDATE_PRODUCT = YES;
			};
			name = Release;
		};
		FFBEF7882A46F3E500D55E72 /* Debug */ = {
			isa = XCBuildConfiguration;
			buildSettings = {
				ASSETCATALOG_COMPILER_APPICON_NAME = AppIcon;
				ASSETCATALOG_COMPILER_GLOBAL_ACCENT_COLOR_NAME = AccentColor;
				CODE_SIGN_STYLE = Automatic;
				CURRENT_PROJECT_VERSION = 1;
				DEVELOPMENT_ASSET_PATHS = "\"YesOrNotApp/Preview Content\"";
				DEVELOPMENT_TEAM = T574RGJCUB;
				ENABLE_PREVIEWS = YES;
				GENERATE_INFOPLIST_FILE = YES;
				INFOPLIST_KEY_UIApplicationSceneManifest_Generation = YES;
				INFOPLIST_KEY_UIApplicationSupportsIndirectInputEvents = YES;
				INFOPLIST_KEY_UILaunchScreen_Generation = YES;
				INFOPLIST_KEY_UISupportedInterfaceOrientations_iPad = "UIInterfaceOrientationPortrait UIInterfaceOrientationPortraitUpsideDown UIInterfaceOrientationLandscapeLeft UIInterfaceOrientationLandscapeRight";
				INFOPLIST_KEY_UISupportedInterfaceOrientations_iPhone = "UIInterfaceOrientationPortrait UIInterfaceOrientationLandscapeLeft UIInterfaceOrientationLandscapeRight";
				IPHONEOS_DEPLOYMENT_TARGET = 16.0;
				LD_RUNPATH_SEARCH_PATHS = (
					"$(inherited)",
					"@executable_path/Frameworks",
				);
				MARKETING_VERSION = 1.0;
				PRODUCT_BUNDLE_IDENTIFIER = organisation.com.YesOrNotApp;
				PRODUCT_NAME = "$(TARGET_NAME)";
				SWIFT_EMIT_LOC_STRINGS = YES;
				SWIFT_VERSION = 5.0;
				TARGETED_DEVICE_FAMILY = "1,2";
			};
			name = Debug;
		};
		FFBEF7892A46F3E500D55E72 /* Release */ = {
			isa = XCBuildConfiguration;
			buildSettings = {
				ASSETCATALOG_COMPILER_APPICON_NAME = AppIcon;
				ASSETCATALOG_COMPILER_GLOBAL_ACCENT_COLOR_NAME = AccentColor;
				CODE_SIGN_STYLE = Automatic;
				CURRENT_PROJECT_VERSION = 1;
				DEVELOPMENT_ASSET_PATHS = "\"YesOrNotApp/Preview Content\"";
				DEVELOPMENT_TEAM = T574RGJCUB;
				ENABLE_PREVIEWS = YES;
				GENERATE_INFOPLIST_FILE = YES;
				INFOPLIST_KEY_UIApplicationSceneManifest_Generation = YES;
				INFOPLIST_KEY_UIApplicationSupportsIndirectInputEvents = YES;
				INFOPLIST_KEY_UILaunchScreen_Generation = YES;
				INFOPLIST_KEY_UISupportedInterfaceOrientations_iPad = "UIInterfaceOrientationPortrait UIInterfaceOrientationPortraitUpsideDown UIInterfaceOrientationLandscapeLeft UIInterfaceOrientationLandscapeRight";
				INFOPLIST_KEY_UISupportedInterfaceOrientations_iPhone = "UIInterfaceOrientationPortrait UIInterfaceOrientationLandscapeLeft UIInterfaceOrientationLandscapeRight";
				IPHONEOS_DEPLOYMENT_TARGET = 16.0;
				LD_RUNPATH_SEARCH_PATHS = (
					"$(inherited)",
					"@executable_path/Frameworks",
				);
				MARKETING_VERSION = 1.0;
				PRODUCT_BUNDLE_IDENTIFIER = organisation.com.YesOrNotApp;
				PRODUCT_NAME = "$(TARGET_NAME)";
				SWIFT_EMIT_LOC_STRINGS = YES;
				SWIFT_VERSION = 5.0;
				TARGETED_DEVICE_FAMILY = "1,2";
			};
			name = Release;
		};
/* End XCBuildConfiguration section */

/* Begin XCConfigurationList section */
		FFBEF7742A46F3E300D55E72 /* Build configuration list for PBXProject "YesOrNotApp" */ = {
			isa = XCConfigurationList;
			buildConfigurations = (
				FFBEF7852A46F3E500D55E72 /* Debug */,
				FFBEF7862A46F3E500D55E72 /* Release */,
			);
			defaultConfigurationIsVisible = 0;
			defaultConfigurationName = Release;
		};
		FFBEF7872A46F3E500D55E72 /* Build configuration list for PBXNativeTarget "YesOrNotApp" */ = {
			isa = XCConfigurationList;
			buildConfigurations = (
				FFBEF7882A46F3E500D55E72 /* Debug */,
				FFBEF7892A46F3E500D55E72 /* Release */,
			);
			defaultConfigurationIsVisible = 0;
			defaultConfigurationName = Release;
		};
/* End XCConfigurationList section */
	};
	rootObject = FFBEF7712A46F3E300D55E72 /* Project object */;
}
